
Microsoft Visual Studio Solution File, Format Version 12.00
# Visual Studio 2012
Project("{FAE04EC0-301F-11D3-BF4B-00C04F79EFBC}") = "PictureToAscii", "PictureToAscii\PictureToAscii.csproj", "{A187CE23-EF87-4009-8A2C-524A2245ABDA}"
EndProject
Global
	GlobalSection(SolutionConfigurationPlatforms) = preSolution
		Debug|x86 = Debug|x86
		Release|x86 = Release|x86
	EndGlobalSection
	GlobalSection(ProjectConfigurationPlatforms) = postSolution
		{A187CE23-EF87-4009-8A2C-524A2245ABDA}.Debug|x86.ActiveCfg = Debug|x86
		{A187CE23-EF87-4009-8A2C-524A2245ABDA}.Debug|x86.Build.0 = Debug|x86
		{A187CE23-EF87-4009-8A2C-524A2245ABDA}.Release|x86.ActiveCfg = Release|x86
		{A187CE23-EF87-4009-8A2C-524A2245ABDA}.Release|x86.Build.0 = Release|x86
	EndGlobalSection
EndGlobal
